Microsoft Visual Studio Solution File, Format Version 8.00
Project("{8BC9CEB8-8B4A-11D0-8D11-00A0C91BC942}") = "rcptproxy", "rcptproxy.vcproj", "{52A3278F-4545-4C18-A376-1255FB2989DC}"
	ProjectSection(ProjectDependencies) = postProject
	EndProjectSection
EndProject
Global
	GlobalSection(SolutionConfiguration) = preSolution
		Debug = Debug
		Release = Release
	EndGlobalSection
	GlobalSection(ProjectConfiguration) = postSolution
		{52A3278F-4545-4C18-A376-1255FB2989DC}.Debug.ActiveCfg = Debug|Win32
		{52A3278F-4545-4C18-A376-1255FB2989DC}.Debug.Build.0 = Debug|Win32
		{52A3278F-4545-4C18-A376-1255FB2989DC}.Release.ActiveCfg = Release|Win32
		{52A3278F-4545-4C18-A376-1255FB2989DC}.Release.Build.0 = Release|Win32
	EndGlobalSection
	GlobalSection(ExtensibilityGlobals) = postSolution
	EndGlobalSection
	GlobalSection(ExtensibilityAddIns) = postSolution
	EndGlobalSection
EndGlobal
